
Microsoft Visual Studio Solution File, Format Version 12.00
# Visual Studio Version 17
VisualStudioVersion = 17.14.36717.8 d17.14
MinimumVisualStudioVersion = 10.0.40219.1
Project("{FAE04EC0-301F-11D3-BF4B-00C04F79EFBC}") = "PROYECTO ESTADIA", "PROYECTO ESTADIA.csproj", "{315A0E3A-3ED7-4EBF-BCD7-98450457C24C}"
EndProject
Global
	GlobalSection(SolutionConfigurationPlatforms) = preSolution
		Debug|Any CPU = Debug|Any CPU
		Release|Any CPU = Release|Any CPU
	EndGlobalSection
	GlobalSection(ProjectConfigurationPlatforms) = postSolution
		{315A0E3A-3ED7-4EBF-BCD7-98450457C24C}.Debug|Any CPU.ActiveCfg = Debug|Any CPU
		{315A0E3A-3ED7-4EBF-BCD7-98450457C24C}.Debug|Any CPU.Build.0 = Debug|Any CPU
		{315A0E3A-3ED7-4EBF-BCD7-98450457C24C}.Release|Any CPU.ActiveCfg = Release|Any CPU
		{315A0E3A-3ED7-4EBF-BCD7-98450457C24C}.Release|Any CPU.Build.0 = Release|Any CPU
	EndGlobalSection
	GlobalSection(SolutionProperties) = preSolution
		HideSolutionNode = FALSE
	EndGlobalSection
	GlobalSection(ExtensibilityGlobals) = postSolution
		SolutionGuid = {D316E4BA-7364-4D2E-BB77-1B5AFCD7C154}
	EndGlobalSection
EndGlobal
